// !$*UTF8*$!
{
	archiveVersion = 1;
	classes = {
	};
	objectVersion = 46;
	objects = {

/* Begin PBXBuildFile section */
		0CBA2AEC1954778F1524306F /* libPods.a in Frameworks */ = {isa = PBXBuildFile; fileRef = 52559DE926155D593B0CAF49 /* libPods.a */; };
		9B1E7D081C0C39F60093106E /* SNDBService.m in Sources */ = {isa = PBXBuildFile; fileRef = 9B1E7D071C0C39F60093106E /* SNDBService.m */; settings = {ASSET_TAGS = (); }; };
		9B2304D91BFC902000E3A286 /* SNItemViewController.m in Sources */ = {isa = PBXBuildFile; fileRef = 9B2304D71BFC902000E3A286 /* SNItemViewController.m */; settings = {ASSET_TAGS = (); }; };
		9B2304DC1BFCA8DF00E3A286 /* SNDBHelper.m in Sources */ = {isa = PBXBuildFile; fileRef = 9B2304DB1BFCA8DF00E3A286 /* SNDBHelper.m */; settings = {ASSET_TAGS = (); }; };
		9B2304E01BFD85F200E3A286 /* SNDetailViewController.m in Sources */ = {isa = PBXBuildFile; fileRef = 9B2304DE1BFD85F200E3A286 /* SNDetailViewController.m */; settings = {ASSET_TAGS = (); }; };
		9B2304E11BFD85F200E3A286 /* SNDetailViewController.xib in Resources */ = {isa = PBXBuildFile; fileRef = 9B2304DF1BFD85F200E3A286 /* SNDetailViewController.xib */; settings = {ASSET_TAGS = (); }; };
		9BBC71981C2D31C2009909BB /* SNTableViewCell.xib in Resources */ = {isa = PBXBuildFile; fileRef = 9BBC71971C2D31C2009909BB /* SNTableViewCell.xib */; settings = {ASSET_TAGS = (); }; };
		9BBC719B1C2D32DB009909BB /* SNTableViewCell.m in Sources */ = {isa = PBXBuildFile; fileRef = 9BBC719A1C2D32DB009909BB /* SNTableViewCell.m */; settings = {ASSET_TAGS = (); }; };
		9BC9F4FB1BF03DF50070960A /* main.m in Sources */ = {isa = PBXBuildFile; fileRef = 9BC9F4FA1BF03DF50070960A /* main.m */; };
		9BC9F4FE1BF03DF50070960A /* SNAppDelegate.m in Sources */ = {isa = PBXBuildFile; fileRef = 9BC9F4FD1BF03DF50070960A /* SNAppDelegate.m */; };
		9BC9F5031BF03DF50070960A /* Assets.xcassets in Resources */ = {isa = PBXBuildFile; fileRef = 9BC9F5021BF03DF50070960A /* Assets.xcassets */; };
		9BC9F5991BF5AED10070960A /* SNItem.m in Sources */ = {isa = PBXBuildFile; fileRef = 9BC9F5981BF5AED10070960A /* SNItem.m */; settings = {ASSET_TAGS = (); }; };
		9BC9F5A01BF5B33A0070960A /* libsqlite3.dylib in Frameworks */ = {isa = PBXBuildFile; fileRef = 9BC9F59A1BF5B33A0070960A /* libsqlite3.dylib */; settings = {ASSET_TAGS = (); }; };
		9BC9F5A11BF5B33A0070960A /* libsqlite3.0.dylib in Frameworks */ = {isa = PBXBuildFile; fileRef = 9BC9F59B1BF5B33A0070960A /* libsqlite3.0.dylib */; settings = {ASSET_TAGS = (); }; };
		9BC9F5A21BF5B33A0070960A /* UIKit.framework in Frameworks */ = {isa = PBXBuildFile; fileRef = 9BC9F59C1BF5B33A0070960A /* UIKit.framework */; settings = {ASSET_TAGS = (); }; };
		9BC9F5A31BF5B33A0070960A /* Foundation.framework in Frameworks */ = {isa = PBXBuildFile; fileRef = 9BC9F59D1BF5B33A0070960A /* Foundation.framework */; settings = {ASSET_TAGS = (); }; };
		9BC9F5A41BF5B33A0070960A /* CoreGraphics.framework in Frameworks */ = {isa = PBXBuildFile; fileRef = 9BC9F59E1BF5B33A0070960A /* CoreGraphics.framework */; settings = {ASSET_TAGS = (); }; };
/* End PBXBuildFile section */

/* Begin PBXFileReference section */
		10905EB177F9A00224869144 /* Pods.release.xcconfig */ = {isa = PBXFileReference; includeInIndex = 1; lastKnownFileType = text.xcconfig; name = Pods.release.xcconfig; path = "Pods/Target Support Files/Pods/Pods.release.xcconfig"; sourceTree = "<group>"; };
		52559DE926155D593B0CAF49 /* libPods.a */ = {isa = PBXFileReference; explicitFileType = archive.ar; includeInIndex = 0; path = libPods.a; sourceTree = BUILT_PRODUCTS_DIR; };
		9B1E7D061C0C39F60093106E /* SNDBService.h */ = {isa = PBXFileReference; fileEncoding = 4; lastKnownFileType = sourcecode.c.h; path = SNDBService.h; sourceTree = "<group>"; };
		9B1E7D071C0C39F60093106E /* SNDBService.m */ = {isa = PBXFileReference; fileEncoding = 4; lastKnownFileType = sourcecode.c.objc; path = SNDBService.m; sourceTree = "<group>"; };
		9B2304D61BFC902000E3A286 /* SNItemViewController.h */ = {isa = PBXFileReference; fileEncoding = 4; lastKnownFileType = sourcecode.c.h; path = SNItemViewController.h; sourceTree = "<group>"; };
		9B2304D71BFC902000E3A286 /* SNItemViewController.m */ = {isa = PBXFileReference; fileEncoding = 4; lastKnownFileType = sourcecode.c.objc; path = SNItemViewController.m; sourceTree = "<group>"; };
		9B2304DA1BFCA8DF00E3A286 /* SNDBHelper.h */ = {isa = PBXFileReference; fileEncoding = 4; lastKnownFileType = sourcecode.c.h; path = SNDBHelper.h; sourceTree = "<group>"; };
		9B2304DB1BFCA8DF00E3A286 /* SNDBHelper.m */ = {isa = PBXFileReference; fileEncoding = 4; lastKnownFileType = sourcecode.c.objc; path = SNDBHelper.m; sourceTree = "<group>"; };
		9B2304DD1BFD85F200E3A286 /* SNDetailViewController.h */ = {isa = PBXFileReference; fileEncoding = 4; lastKnownFileType = sourcecode.c.h; path = SNDetailViewController.h; sourceTree = "<group>"; };
		9B2304DE1BFD85F200E3A286 /* SNDetailViewController.m */ = {isa = PBXFileReference; fileEncoding = 4; lastKnownFileType = sourcecode.c.objc; path = SNDetailViewController.m; sourceTree = "<group>"; };
		9B2304DF1BFD85F200E3A286 /* SNDetailViewController.xib */ = {isa = PBXFileReference; fileEncoding = 4; lastKnownFileType = file.xib; path = SNDetailViewController.xib; sourceTree = "<group>"; };
		9BBC71971C2D31C2009909BB /* SNTableViewCell.xib */ = {isa = PBXFileReference; fileEncoding = 4; lastKnownFileType = file.xib; path = SNTableViewCell.xib; sourceTree = "<group>"; };
		9BBC71991C2D32DB009909BB /* SNTableViewCell.h */ = {isa = PBXFileReference; fileEncoding = 4; lastKnownFileType = sourcecode.c.h; path = SNTableViewCell.h; sourceTree = "<group>"; };
		9BBC719A1C2D32DB009909BB /* SNTableViewCell.m */ = {isa = PBXFileReference; fileEncoding = 4; lastKnownFileType = sourcecode.c.objc; path = SNTableViewCell.m; sourceTree = "<group>"; };
		9BC9F4F61BF03DF50070960A /* SimpleNote.app */ = {isa = PBXFileReference; explicitFileType = wrapper.application; includeInIndex = 0; path = SimpleNote.app; sourceTree = BUILT_PRODUCTS_DIR; };
		9BC9F4FA1BF03DF50070960A /* main.m */ = {isa = PBXFileReference; lastKnownFileType = sourcecode.c.objc; path = main.m; sourceTree = "<group>"; };
		9BC9F4FC1BF03DF50070960A /* SNAppDelegate.h */ = {isa = PBXFileReference; lastKnownFileType = sourcecode.c.h; path = SNAppDelegate.h; sourceTree = "<group>"; };
		9BC9F4FD1BF03DF50070960A /* SNAppDelegate.m */ = {isa = PBXFileReference; lastKnownFileType = sourcecode.c.objc; path = SNAppDelegate.m; sourceTree = "<group>"; };
		9BC9F5021BF03DF50070960A /* Assets.xcassets */ = {isa = PBXFileReference; lastKnownFileType = folder.assetcatalog; path = Assets.xcassets; sourceTree = "<group>"; };
		9BC9F5071BF03DF50070960A /* Info.plist */ = {isa = PBXFileReference; lastKnownFileType = text.plist.xml; path = Info.plist; sourceTree = "<group>"; };
		9BC9F5971BF5AED10070960A /* SNItem.h */ = {isa = PBXFileReference; fileEncoding = 4; lastKnownFileType = sourcecode.c.h; path = SNItem.h; sourceTree = "<group>"; };
		9BC9F5981BF5AED10070960A /* SNItem.m */ = {isa = PBXFileReference; fileEncoding = 4; lastKnownFileType = sourcecode.c.objc; path = SNItem.m; sourceTree = "<group>"; };
		9BC9F59A1BF5B33A0070960A /* libsqlite3.dylib */ = {isa = PBXFileReference; lastKnownFileType = "compiled.mach-o.dylib"; name = libsqlite3.dylib; path = usr/lib/libsqlite3.dylib; sourceTree = SOURCE_ROOT; };
		9BC9F59B1BF5B33A0070960A /* libsqlite3.0.dylib */ = {isa = PBXFileReference; lastKnownFileType = "compiled.mach-o.dylib"; name = libsqlite3.0.dylib; path = usr/lib/libsqlite3.0.dylib; sourceTree = SOURCE_ROOT; };
		9BC9F59C1BF5B33A0070960A /* UIKit.framework */ = {isa = PBXFileReference; lastKnownFileType = wrapper.framework; name = UIKit.framework; path = /Applications/Xcode.app/Contents/Developer/Platforms/iPhoneOS.platform/Developer/SDKs/iPhoneOS9.0.sdk/System/Library/Frameworks/UIKit.framework; sourceTree = "<absolute>"; };
		9BC9F59D1BF5B33A0070960A /* Foundation.framework */ = {isa = PBXFileReference; lastKnownFileType = wrapper.framework; name = Foundation.framework; path = /Applications/Xcode.app/Contents/Developer/Platforms/iPhoneOS.platform/Developer/SDKs/iPhoneOS9.0.sdk/System/Library/Frameworks/Foundation.framework; sourceTree = "<absolute>"; };
		9BC9F59E1BF5B33A0070960A /* CoreGraphics.framework */ = {isa = PBXFileReference; lastKnownFileType = wrapper.framework; name = CoreGraphics.framework; path = /Applications/Xcode.app/Contents/Developer/Platforms/iPhoneOS.platform/Developer/SDKs/iPhoneOS9.0.sdk/System/Library/Frameworks/CoreGraphics.framework; sourceTree = "<absolute>"; };
		BB15DC7D8A8284492191761B /* Pods.debug.xcconfig */ = {isa = PBXFileReference; includeInIndex = 1; lastKnownFileType = text.xcconfig; name = Pods.debug.xcconfig; path = "Pods/Target Support Files/Pods/Pods.debug.xcconfig"; sourceTree = "<group>"; };
/* End PBXFileReference section */

/* Begin PBXFrameworksBuildPhase section */
		9BC9F4F31BF03DF50070960A /* Frameworks */ = {
			isa = PBXFrameworksBuildPhase;
			buildActionMask = 2147483647;
			files = (
				9BC9F5A11BF5B33A0070960A /* libsqlite3.0.dylib in Frameworks */,
				9BC9F5A21BF5B33A0070960A /* UIKit.framework in Frameworks */,
				9BC9F5A01BF5B33A0070960A /* libsqlite3.dylib in Frameworks */,
				9BC9F5A41BF5B33A0070960A /* CoreGraphics.framework in Frameworks */,
				9BC9F5A31BF5B33A0070960A /* Foundation.framework in Frameworks */,
				0CBA2AEC1954778F1524306F /* libPods.a in Frameworks */,
			);
			runOnlyForDeploymentPostprocessing = 0;
		};
/* End PBXFrameworksBuildPhase section */

/* Begin PBXGroup section */
		9B1E7D051C0C37E40093106E /* DBHelper */ = {
			isa = PBXGroup;
			children = (
				9B2304DA1BFCA8DF00E3A286 /* SNDBHelper.h */,
				9B2304DB1BFCA8DF00E3A286 /* SNDBHelper.m */,
			);
			name = DBHelper;
			sourceTree = "<group>";
		};
		9B1E7D091C0C3A050093106E /* DBService */ = {
			isa = PBXGroup;
			children = (
				9B1E7D061C0C39F60093106E /* SNDBService.h */,
				9B1E7D071C0C39F60093106E /* SNDBService.m */,
			);
			name = DBService;
			sourceTree = "<group>";
		};
		9B1E7D0A1C0E97FA0093106E /* Entity */ = {
			isa = PBXGroup;
			children = (
				9BC9F5971BF5AED10070960A /* SNItem.h */,
				9BC9F5981BF5AED10070960A /* SNItem.m */,
			);
			name = Entity;
			sourceTree = "<group>";
		};
		9B1E7D0F1C0EC0470093106E /* VC */ = {
			isa = PBXGroup;
			children = (
				9B2304DE1BFD85F200E3A286 /* SNDetailViewController.m */,
				9B2304DD1BFD85F200E3A286 /* SNDetailViewController.h */,
				9B2304DF1BFD85F200E3A286 /* SNDetailViewController.xib */,
				9B2304D61BFC902000E3A286 /* SNItemViewController.h */,
				9B2304D71BFC902000E3A286 /* SNItemViewController.m */,
				9BBC71971C2D31C2009909BB /* SNTableViewCell.xib */,
				9BBC71991C2D32DB009909BB /* SNTableViewCell.h */,
				9BBC719A1C2D32DB009909BB /* SNTableViewCell.m */,
			);
			name = VC;
			sourceTree = "<group>";
		};
		9BC9F4ED1BF03DF50070960A = {
			isa = PBXGroup;
			children = (
				9BC9F59F1BF5B33A0070960A /* Frameworks */,
				9BC9F4F81BF03DF50070960A /* SimpleNote */,
				9BC9F4F71BF03DF50070960A /* Products */,
				F441BA911F98D08F575317EC /* Pods */,
			);
			sourceTree = "<group>";
		};
		9BC9F4F71BF03DF50070960A /* Products */ = {
			isa = PBXGroup;
			children = (
				9BC9F4F61BF03DF50070960A /* SimpleNote.app */,
			);
			name = Products;
			sourceTree = "<group>";
		};
		9BC9F4F81BF03DF50070960A /* SimpleNote */ = {
			isa = PBXGroup;
			children = (
				9B1E7D0A1C0E97FA0093106E /* Entity */,
				9B1E7D051C0C37E40093106E /* DBHelper */,
				9B1E7D091C0C3A050093106E /* DBService */,
				9B1E7D0F1C0EC0470093106E /* VC */,
				9BC9F4FC1BF03DF50070960A /* SNAppDelegate.h */,
				9BC9F4FD1BF03DF50070960A /* SNAppDelegate.m */,
				9BC9F5021BF03DF50070960A /* Assets.xcassets */,
				9BC9F5071BF03DF50070960A /* Info.plist */,
				9BC9F4F91BF03DF50070960A /* Supporting Files */,
			);
			path = SimpleNote;
			sourceTree = "<group>";
		};
		9BC9F4F91BF03DF50070960A /* Supporting Files */ = {
			isa = PBXGroup;
			children = (
				9BC9F4FA1BF03DF50070960A /* main.m */,
			);
			name = "Supporting Files";
			sourceTree = "<group>";
		};
		9BC9F59F1BF5B33A0070960A /* Frameworks */ = {
			isa = PBXGroup;
			children = (
				9BC9F59A1BF5B33A0070960A /* libsqlite3.dylib */,
				9BC9F59B1BF5B33A0070960A /* libsqlite3.0.dylib */,
				9BC9F59C1BF5B33A0070960A /* UIKit.framework */,
				9BC9F59D1BF5B33A0070960A /* Foundation.framework */,
				9BC9F59E1BF5B33A0070960A /* CoreGraphics.framework */,
				52559DE926155D593B0CAF49 /* libPods.a */,
			);
			name = Frameworks;
			path = ../../../Downloads/StuInfo;
			sourceTree = "<group>";
		};
		F441BA911F98D08F575317EC /* Pods */ = {
			isa = PBXGroup;
			children = (
				BB15DC7D8A8284492191761B /* Pods.debug.xcconfig */,
				10905EB177F9A00224869144 /* Pods.release.xcconfig */,
			);
			name = Pods;
			sourceTree = "<group>";
		};
/* End PBXGroup section */

/* Begin PBXNativeTarget section */
		9BC9F4F51BF03DF50070960A /* SimpleNote */ = {
			isa = PBXNativeTarget;
			buildConfigurationList = 9BC9F50A1BF03DF50070960A /* Build configuration list for PBXNativeTarget "SimpleNote" */;
			buildPhases = (
				821C0955BB830FAB97A8F425 /* Check Pods Manifest.lock */,
				9BC9F4F21BF03DF50070960A /* Sources */,
				9BC9F4F31BF03DF50070960A /* Frameworks */,
				9BC9F4F41BF03DF50070960A /* Resources */,
				612095A533BD4E7D9999EA14 /* Embed Pods Frameworks */,
				CC1F2332DA8A21FABDA720C2 /* Copy Pods Resources */,
			);
			buildRules = (
			);
			dependencies = (
			);
			name = SimpleNote;
			productName = SimpleNote;
			productReference = 9BC9F4F61BF03DF50070960A /* SimpleNote.app */;
			productType = "com.apple.product-type.application";
		};
/* End PBXNativeTarget section */

/* Begin PBXProject section */
		9BC9F4EE1BF03DF50070960A /* Project object */ = {
			isa = PBXProject;
			attributes = {
				CLASSPREFIX = SN;
				LastUpgradeCheck = 0700;
				ORGANIZATIONNAME = zxy;
				TargetAttributes = {
					9BC9F4F51BF03DF50070960A = {
						CreatedOnToolsVersion = 7.0.1;
					};
				};
			};
			buildConfigurationList = 9BC9F4F11BF03DF50070960A /* Build configuration list for PBXProject "SimpleNote" */;
			compatibilityVersion = "Xcode 3.2";
			developmentRegion = English;
			hasScannedForEncodings = 0;
			knownRegions = (
				en,
				Base,
			);
			mainGroup = 9BC9F4ED1BF03DF50070960A;
			productRefGroup = 9BC9F4F71BF03DF50070960A /* Products */;
			projectDirPath = "";
			projectRoot = "";
			targets = (
				9BC9F4F51BF03DF50070960A /* SimpleNote */,
			);
		};
/* End PBXProject section */

/* Begin PBXResourcesBuildPhase section */
		9BC9F4F41BF03DF50070960A /* Resources */ = {
			isa = PBXResourcesBuildPhase;
			buildActionMask = 2147483647;
			files = (
				9B2304E11BFD85F200E3A286 /* SNDetailViewController.xib in Resources */,
				9BC9F5031BF03DF50070960A /* Assets.xcassets in Resources */,
				9BBC71981C2D31C2009909BB /* SNTableViewCell.xib in Resources */,
			);
			runOnlyForDeploymentPostprocessing = 0;
		};
/* End PBXResourcesBuildPhase section */

/* Begin PBXShellScriptBuildPhase section */
		612095A533BD4E7D9999EA14 /* Embed Pods Frameworks */ = {
			isa = PBXShellScriptBuildPhase;
			buildActionMask = 2147483647;
			files = (
			);
			inputPaths = (
			);
			name = "Embed Pods Frameworks";
			outputPaths = (
			);
			runOnlyForDeploymentPostprocessing = 0;
			shellPath = /bin/sh;
			shellScript = "\"${SRCROOT}/Pods/Target Support Files/Pods/Pods-frameworks.sh\"\n";
			showEnvVarsInLog = 0;
		};
		821C0955BB830FAB97A8F425 /* Check Pods Manifest.lock */ = {
			isa = PBXShellScriptBuildPhase;
			buildActionMask = 2147483647;
			files = (
			);
			inputPaths = (
			);
			name = "Check Pods Manifest.lock";
			outputPaths = (
			);
			runOnlyForDeploymentPostprocessing = 0;
			shellPath = /bin/sh;
			shellScript = "diff \"${PODS_ROOT}/../Podfile.lock\" \"${PODS_ROOT}/Manifest.lock\" > /dev/null\nif [[ $? != 0 ]] ; then\n    cat << EOM\nerror: The sandbox is not in sync with the Podfile.lock. Run 'pod install' or update your CocoaPods installation.\nEOM\n    exit 1\nfi\n";
			showEnvVarsInLog = 0;
		};
		CC1F2332DA8A21FABDA720C2 /* Copy Pods Resources */ = {
			isa = PBXShellScriptBuildPhase;
			buildActionMask = 2147483647;
			files = (
			);
			inputPaths = (
			);
			name = "Copy Pods Resources";
			outputPaths = (
			);
			runOnlyForDeploymentPostprocessing = 0;
			shellPath = /bin/sh;
			shellScript = "\"${SRCROOT}/Pods/Target Support Files/Pods/Pods-resources.sh\"\n";
			showEnvVarsInLog = 0;
		};
/* End PBXShellScriptBuildPhase section */

/* Begin PBXSourcesBuildPhase section */
		9BC9F4F21BF03DF50070960A /* Sources */ = {
			isa = PBXSourcesBuildPhase;
			buildActionMask = 2147483647;
			files = (
				9BBC719B1C2D32DB009909BB /* SNTableViewCell.m in Sources */,
				9B2304D91BFC902000E3A286 /* SNItemViewController.m in Sources */,
				9B2304DC1BFCA8DF00E3A286 /* SNDBHelper.m in Sources */,
				9BC9F4FE1BF03DF50070960A /* SNAppDelegate.m in Sources */,
				9B2304E01BFD85F200E3A286 /* SNDetailViewController.m in Sources */,
				9BC9F4FB1BF03DF50070960A /* main.m in Sources */,
				9B1E7D081C0C39F60093106E /* SNDBService.m in Sources */,
				9BC9F5991BF5AED10070960A /* SNItem.m in Sources */,
			);
			runOnlyForDeploymentPostprocessing = 0;
		};
/* End PBXSourcesBuildPhase section */

/* Begin XCBuildConfiguration section */
		9BC9F5081BF03DF50070960A /* Debug */ = {
			isa = XCBuildConfiguration;
			buildSettings = {
				ALWAYS_SEARCH_USER_PATHS = NO;
				CLANG_CXX_LANGUAGE_STANDARD = "gnu++0x";
				CLANG_CXX_LIBRARY = "libc++";
				CLANG_ENABLE_MODULES = YES;
				CLANG_ENABLE_OBJC_ARC = YES;
				CLANG_WARN_BOOL_CONVERSION = YES;
				CLANG_WARN_CONSTANT_CONVERSION = YES;
				CLANG_WARN_DIRECT_OBJC_ISA_USAGE = YES_ERROR;
				CLANG_WARN_EMPTY_BODY = YES;
				CLANG_WARN_ENUM_CONVERSION = YES;
				CLANG_WARN_INT_CONVERSION = YES;
				CLANG_WARN_OBJC_ROOT_CLASS = YES_ERROR;
				CLANG_WARN_UNREACHABLE_CODE = YES;
				CLANG_WARN__DUPLICATE_METHOD_MATCH = YES;
				"CODE_SIGN_IDENTITY[sdk=iphoneos*]" = "iPhone Developer";
				COPY_PHASE_STRIP = NO;
				DEBUG_INFORMATION_FORMAT = dwarf;
				ENABLE_STRICT_OBJC_MSGSEND = YES;
				ENABLE_TESTABILITY = YES;
				GCC_C_LANGUAGE_STANDARD = gnu99;
				GCC_DYNAMIC_NO_PIC = NO;
				GCC_NO_COMMON_BLOCKS = YES;
				GCC_OPTIMIZATION_LEVEL = 0;
				GCC_PREPROCESSOR_DEFINITIONS = (
					"DEBUG=1",
					"$(inherited)",
				);
				GCC_WARN_64_TO_32_BIT_CONVERSION = YES;
				GCC_WARN_ABOUT_RETURN_TYPE = YES_ERROR;
				GCC_WARN_UNDECLARED_SELECTOR = YES;
				GCC_WARN_UNINITIALIZED_AUTOS = YES_AGGRESSIVE;
				GCC_WARN_UNUSED_FUNCTION = YES;
				GCC_WARN_UNUSED_VARIABLE = YES;
				IPHONEOS_DEPLOYMENT_TARGET = 9.0;
				MTL_ENABLE_DEBUG_INFO = YES;
				ONLY_ACTIVE_ARCH = YES;
				SDKROOT = iphoneos;
			};
			name = Debug;
		};
		9BC9F5091BF03DF50070960A /* Release */ = {
			isa = XCBuildConfiguration;
			buildSettings = {
				ALWAYS_SEARCH_USER_PATHS = NO;
				CLANG_CXX_LANGUAGE_STANDARD = "gnu++0x";
				CLANG_CXX_LIBRARY = "libc++";
				CLANG_ENABLE_MODULES = YES;
				CLANG_ENABLE_OBJC_ARC = YES;
				CLANG_WARN_BOOL_CONVERSION = YES;
				CLANG_WARN_CONSTANT_CONVERSION = YES;
				CLANG_WARN_DIRECT_OBJC_ISA_USAGE = YES_ERROR;
				CLANG_WARN_EMPTY_BODY = YES;
				CLANG_WARN_ENUM_CONVERSION = YES;
				CLANG_WARN_INT_CONVERSION = YES;
				CLANG_WARN_OBJC_ROOT_CLASS = YES_ERROR;
				CLANG_WARN_UNREACHABLE_CODE = YES;
				CLANG_WARN__DUPLICATE_METHOD_MATCH = YES;
				"CODE_SIGN_IDENTITY[sdk=iphoneos*]" = "iPhone Developer";
				COPY_PHASE_STRIP = NO;
				DEBUG_INFORMATION_FORMAT = "dwarf-with-dsym";
				ENABLE_NS_ASSERTIONS = NO;
				ENABLE_STRICT_OBJC_MSGSEND = YES;
				GCC_C_LANGUAGE_STANDARD = gnu99;
				GCC_NO_COMMON_BLOCKS = YES;
				GCC_WARN_64_TO_32_BIT_CONVERSION = YES;
				GCC_WARN_ABOUT_RETURN_TYPE = YES_ERROR;
				GCC_WARN_UNDECLARED_SELECTOR = YES;
				GCC_WARN_UNINITIALIZED_AUTOS = YES_AGGRESSIVE;
				GCC_WARN_UNUSED_FUNCTION = YES;
				GCC_WARN_UNUSED_VARIABLE = YES;
				IPHONEOS_DEPLOYMENT_TARGET = 9.0;
				MTL_ENABLE_DEBUG_INFO = NO;
				SDKROOT = iphoneos;
				VALIDATE_PRODUCT = YES;
			};
			name = Release;
		};
		9BC9F50B1BF03DF50070960A /* Debug */ = {
			isa = XCBuildConfiguration;
			baseConfigurationReference = BB15DC7D8A8284492191761B /* Pods.debug.xcconfig */;
			buildSettings = {
				ASSETCATALOG_COMPILER_APPICON_NAME = AppIcon;
				INFOPLIST_FILE = SimpleNote/Info.plist;
				LD_RUNPATH_SEARCH_PATHS = "$(inherited) @executable_path/Frameworks";
				LIBRARY_SEARCH_PATHS = (
					"$(inherited)",
					"$(PROJECT_DIR)/usr/lib",
					"$(SDKROOT)/usr/lib/system/introspection",
				);
				PRODUCT_BUNDLE_IDENTIFIER = obj.SimpleNote;
				PRODUCT_NAME = "$(TARGET_NAME)";
			};
			name = Debug;
		};
		9BC9F50C1BF03DF50070960A /* Release */ = {
			isa = XCBuildConfiguration;
			baseConfigurationReference = 10905EB177F9A00224869144 /* Pods.release.xcconfig */;
			buildSettings = {
				ASSETCATALOG_COMPILER_APPICON_NAME = AppIcon;
				INFOPLIST_FILE = SimpleNote/Info.plist;
				LD_RUNPATH_SEARCH_PATHS = "$(inherited) @executable_path/Frameworks";
				LIBRARY_SEARCH_PATHS = (
					"$(inherited)",
					"$(PROJECT_DIR)/usr/lib",
					"$(SDKROOT)/usr/lib/system/introspection",
				);
				PRODUCT_BUNDLE_IDENTIFIER = obj.SimpleNote;
				PRODUCT_NAME = "$(TARGET_NAME)";
			};
			name = Release;
		};
/* End XCBuildConfiguration section */

/* Begin XCConfigurationList section */
		9BC9F4F11BF03DF50070960A /* Build configuration list for PBXProject "SimpleNote" */ = {
			isa = XCConfigurationList;
			buildConfigurations = (
				9BC9F5081BF03DF50070960A /* Debug */,
				9BC9F5091BF03DF50070960A /* Release */,
			);
			defaultConfigurationIsVisible = 0;
			defaultConfigurationName = Release;
		};
		9BC9F50A1BF03DF50070960A /* Build configuration list for PBXNativeTarget "SimpleNote" */ = {
			isa = XCConfigurationList;
			buildConfigurations = (
				9BC9F50B1BF03DF50070960A /* Debug */,
				9BC9F50C1BF03DF50070960A /* Release */,
			);
			defaultConfigurationIsVisible = 0;
			defaultConfigurationName = Release;
		};
/* End XCConfigurationList section */
	};
	rootObject = 9BC9F4EE1BF03DF50070960A /* Project object */;
}
